{"is_source_file": false, "format": "", "description": "", "external_files": [], "external_methods": [], "published": [], "classes": [], "methods": [], "calls": [], "search-terms": [], "state": 2, "file_id": 18, "knowledge_revision": 37, "git_revision": "3ce53382f4440838907bfc41f9fe7ae7db1e89dd", "hash": "e9b4c3b42cef0193b7fddb548d37e652", "format-version": 4, "code-base-name": "default", "filename": "webtictactoe/post_process_status.lock", "revision_history": [{"37": "3ce53382f4440838907bfc41f9fe7ae7db1e89dd"}]}